
Microsoft Visual Studio Solution File, Format Version 12.00
# Visual Studio Version 17
VisualStudioVersion = 17.14.36203.30 d17.14
MinimumVisualStudioVersion = 10.0.40219.1
Project("{FAE04EC0-301F-11D3-BF4B-00C04F79EFBC}") = "Wm5000T", "Wm5000T\Wm5000T.csproj", "{2F202CE7-6030-45AF-B917-104F6992364F}"
EndProject
Project("{54435603-DBB4-11D2-8724-00A0C9A8B90C}") = "Wm5000TSetup", "Wm5000TSetup\Wm5000TSetup.vdproj", "{118F004B-E09E-26E6-450A-35E98DE356E8}"
EndProject
Global
	GlobalSection(SolutionConfigurationPlatforms) = preSolution
		Debug|Any CPU = Debug|Any CPU
		Release|Any CPU = Release|Any CPU
	EndGlobalSection
	GlobalSection(ProjectConfigurationPlatforms) = postSolution
		{2F202CE7-6030-45AF-B917-104F6992364F}.Debug|Any CPU.ActiveCfg = Debug|Any CPU
		{2F202CE7-6030-45AF-B917-104F6992364F}.Debug|Any CPU.Build.0 = Debug|Any CPU
		{2F202CE7-6030-45AF-B917-104F6992364F}.Release|Any CPU.ActiveCfg = Release|Any CPU
		{2F202CE7-6030-45AF-B917-104F6992364F}.Release|Any CPU.Build.0 = Release|Any CPU
		{118F004B-E09E-26E6-450A-35E98DE356E8}.Debug|Any CPU.ActiveCfg = Debug
		{118F004B-E09E-26E6-450A-35E98DE356E8}.Release|Any CPU.ActiveCfg = Release
	EndGlobalSection
	GlobalSection(SolutionProperties) = preSolution
		HideSolutionNode = FALSE
	EndGlobalSection
	GlobalSection(ExtensibilityGlobals) = postSolution
		SolutionGuid = {CF9F136C-E59D-47ED-96DB-3B9A7C59F5FD}
	EndGlobalSection
EndGlobal
